// !$*UTF8*$!
{
	archiveVersion = 1;
	classes = {
	};
	objectVersion = 56;
	objects = {

/* Begin PBXBuildFile section */
		E00D96AA2B0917650013C89A /* AppDelegate.swift in Sources */ = {isa = PBXBuildFile; fileRef = E00D96A92B0917650013C89A /* AppDelegate.swift */; };
		E00D96AC2B0917650013C89A /* SceneDelegate.swift in Sources */ = {isa = PBXBuildFile; fileRef = E00D96AB2B0917650013C89A /* SceneDelegate.swift */; };
		E00D96AE2B0917650013C89A /* ViewController.swift in Sources */ = {isa = PBXBuildFile; fileRef = E00D96AD2B0917650013C89A /* ViewController.swift */; };
		E00D96B32B0917670013C89A /* Assets.xcassets in Resources */ = {isa = PBXBuildFile; fileRef = E00D96B22B0917670013C89A /* Assets.xcassets */; };
		E00D96B62B0917670013C89A /* LaunchScreen.storyboard in Resources */ = {isa = PBXBuildFile; fileRef = E00D96B42B0917670013C89A /* LaunchScreen.storyboard */; };
		E00D96C12B0917680013C89A /* AcessibilidadeAppTests.swift in Sources */ = {isa = PBXBuildFile; fileRef = E00D96C02B0917680013C89A /* AcessibilidadeAppTests.swift */; };
		E00D96DF2B091D330013C89A /* ViewCode+Extensions.swift in Sources */ = {isa = PBXBuildFile; fileRef = E00D96DE2B091D330013C89A /* ViewCode+Extensions.swift */; };
		E00D96E12B091E4B0013C89A /* UIView+Extensions.swift in Sources */ = {isa = PBXBuildFile; fileRef = E00D96E02B091E4B0013C89A /* UIView+Extensions.swift */; };
		E00D96E32B0929AB0013C89A /* ViewScreen.swift in Sources */ = {isa = PBXBuildFile; fileRef = E00D96E22B0929AB0013C89A /* ViewScreen.swift */; };
/* End PBXBuildFile section */

/* Begin PBXContainerItemProxy section */
		E00D96BD2B0917680013C89A /* PBXContainerItemProxy */ = {
			isa = PBXContainerItemProxy;
			containerPortal = E00D969E2B0917650013C89A /* Project object */;
			proxyType = 1;
			remoteGlobalIDString = E00D96A52B0917650013C89A;
			remoteInfo = AcessibilidadeApp;
		};
		E00D96C72B0917680013C89A /* PBXContainerItemProxy */ = {
			isa = PBXContainerItemProxy;
			containerPortal = E00D969E2B0917650013C89A /* Project object */;
			proxyType = 1;
			remoteGlobalIDString = E00D96A52B0917650013C89A;
			remoteInfo = AcessibilidadeApp;
		};
/* End PBXContainerItemProxy section */

/* Begin PBXFileReference section */
		E00D96A62B0917650013C89A /* AcessibilidadeApp.app */ = {isa = PBXFileReference; explicitFileType = wrapper.application; includeInIndex = 0; path = AcessibilidadeApp.app; sourceTree = BUILT_PRODUCTS_DIR; };
		E00D96A92B0917650013C89A /* AppDelegate.swift */ = {isa = PBXFileReference; lastKnownFileType = sourcecode.swift; path = AppDelegate.swift; sourceTree = "<group>"; };
		E00D96AB2B0917650013C89A /* SceneDelegate.swift */ = {isa = PBXFileReference; lastKnownFileType = sourcecode.swift; path = SceneDelegate.swift; sourceTree = "<group>"; };
		E00D96AD2B0917650013C89A /* ViewController.swift */ = {isa = PBXFileReference; lastKnownFileType = sourcecode.swift; path = ViewController.swift; sourceTree = "<group>"; };
		E00D96B22B0917670013C89A /* Assets.xcassets */ = {isa = PBXFileReference; lastKnownFileType = folder.assetcatalog; path = Assets.xcassets; sourceTree = "<group>"; };
		E00D96B52B0917670013C89A /* Base */ = {isa = PBXFileReference; lastKnownFileType = file.storyboard; name = Base; path = Base.lproj/LaunchScreen.storyboard; sourceTree = "<group>"; };
		E00D96B72B0917670013C89A /* Info.plist */ = {isa = PBXFileReference; lastKnownFileType = text.plist.xml; path = Info.plist; sourceTree = "<group>"; };
		E00D96BC2B0917680013C89A /* AcessibilidadeAppTests.xctest */ = {isa = PBXFileReference; explicitFileType = wrapper.cfbundle; includeInIndex = 0; path = AcessibilidadeAppTests.xctest; sourceTree = BUILT_PRODUCTS_DIR; };
		E00D96C02B0917680013C89A /* AcessibilidadeAppTests.swift */ = {isa = PBXFileReference; lastKnownFileType = sourcecode.swift; path = AcessibilidadeAppTests.swift; sourceTree = "<group>"; };
		E00D96C62B0917680013C89A /* AcessibilidadeAppUITests.xctest */ = {isa = PBXFileReference; explicitFileType = wrapper.cfbundle; includeInIndex = 0; path = AcessibilidadeAppUITests.xctest; sourceTree = BUILT_PRODUCTS_DIR; };
		E00D96DE2B091D330013C89A /* ViewCode+Extensions.swift */ = {isa = PBXFileReference; lastKnownFileType = sourcecode.swift; path = "ViewCode+Extensions.swift"; sourceTree = "<group>"; };
		E00D96E02B091E4B0013C89A /* UIView+Extensions.swift */ = {isa = PBXFileReference; lastKnownFileType = sourcecode.swift; path = "UIView+Extensions.swift"; sourceTree = "<group>"; };
		E00D96E22B0929AB0013C89A /* ViewScreen.swift */ = {isa = PBXFileReference; lastKnownFileType = sourcecode.swift; path = ViewScreen.swift; sourceTree = "<group>"; };
/* End PBXFileReference section */

/* Begin PBXFrameworksBuildPhase section */
		E00D96A32B0917650013C89A /* Frameworks */ = {
			isa = PBXFrameworksBuildPhase;
			buildActionMask = 2147483647;
			files = (
			);
			runOnlyForDeploymentPostprocessing = 0;
		};
		E00D96B92B0917680013C89A /* Frameworks */ = {
			isa = PBXFrameworksBuildPhase;
			buildActionMask = 2147483647;
			files = (
			);
			runOnlyForDeploymentPostprocessing = 0;
		};
		E00D96C32B0917680013C89A /* Frameworks */ = {
			isa = PBXFrameworksBuildPhase;
			buildActionMask = 2147483647;
			files = (
			);
			runOnlyForDeploymentPostprocessing = 0;
		};
/* End PBXFrameworksBuildPhase section */

/* Begin PBXGroup section */
		E00D969D2B0917650013C89A = {
			isa = PBXGroup;
			children = (
				E00D96A82B0917650013C89A /* AcessibilidadeApp */,
				E00D96BF2B0917680013C89A /* AcessibilidadeAppTests */,
				E00D96A72B0917650013C89A /* Products */,
			);
			sourceTree = "<group>";
		};
		E00D96A72B0917650013C89A /* Products */ = {
			isa = PBXGroup;
			children = (
				E00D96A62B0917650013C89A /* AcessibilidadeApp.app */,
				E00D96BC2B0917680013C89A /* AcessibilidadeAppTests.xctest */,
				E00D96C62B0917680013C89A /* AcessibilidadeAppUITests.xctest */,
			);
			name = Products;
			sourceTree = "<group>";
		};
		E00D96A82B0917650013C89A /* AcessibilidadeApp */ = {
			isa = PBXGroup;
			children = (
				E00D96E22B0929AB0013C89A /* ViewScreen.swift */,
				E00D96AD2B0917650013C89A /* ViewController.swift */,
				E00D96DD2B091D210013C89A /* Helpers */,
				E00D96DA2B0917B20013C89A /* Assets */,
				E00D96D92B0917940013C89A /* Aplication */,
				E00D96B72B0917670013C89A /* Info.plist */,
			);
			path = AcessibilidadeApp;
			sourceTree = "<group>";
		};
		E00D96BF2B0917680013C89A /* AcessibilidadeAppTests */ = {
			isa = PBXGroup;
			children = (
				E00D96C02B0917680013C89A /* AcessibilidadeAppTests.swift */,
			);
			path = AcessibilidadeAppTests;
			sourceTree = "<group>";
		};
		E00D96D92B0917940013C89A /* Aplication */ = {
			isa = PBXGroup;
			children = (
				E00D96A92B0917650013C89A /* AppDelegate.swift */,
				E00D96AB2B0917650013C89A /* SceneDelegate.swift */,
				E00D96B42B0917670013C89A /* LaunchScreen.storyboard */,
			);
			path = Aplication;
			sourceTree = "<group>";
		};
		E00D96DA2B0917B20013C89A /* Assets */ = {
			isa = PBXGroup;
			children = (
				E00D96B22B0917670013C89A /* Assets.xcassets */,
			);
			path = Assets;
			sourceTree = "<group>";
		};
		E00D96DD2B091D210013C89A /* Helpers */ = {
			isa = PBXGroup;
			children = (
				E00D96DE2B091D330013C89A /* ViewCode+Extensions.swift */,
				E00D96E02B091E4B0013C89A /* UIView+Extensions.swift */,
			);
			path = Helpers;
			sourceTree = "<group>";
		};
/* End PBXGroup section */

/* Begin PBXNativeTarget section */
		E00D96A52B0917650013C89A /* AcessibilidadeApp */ = {
			isa = PBXNativeTarget;
			buildConfigurationList = E00D96D02B0917680013C89A /* Build configuration list for PBXNativeTarget "AcessibilidadeApp" */;
			buildPhases = (
				E00D96A22B0917650013C89A /* Sources */,
				E00D96A32B0917650013C89A /* Frameworks */,
				E00D96A42B0917650013C89A /* Resources */,
			);
			buildRules = (
			);
			dependencies = (
			);
			name = AcessibilidadeApp;
			productName = AcessibilidadeApp;
			productReference = E00D96A62B0917650013C89A /* AcessibilidadeApp.app */;
			productType = "com.apple.product-type.application";
		};
		E00D96BB2B0917680013C89A /* AcessibilidadeAppTests */ = {
			isa = PBXNativeTarget;
			buildConfigurationList = E00D96D32B0917680013C89A /* Build configuration list for PBXNativeTarget "AcessibilidadeAppTests" */;
			buildPhases = (
				E00D96B82B0917680013C89A /* Sources */,
				E00D96B92B0917680013C89A /* Frameworks */,
				E00D96BA2B0917680013C89A /* Resources */,
			);
			buildRules = (
			);
			dependencies = (
				E00D96BE2B0917680013C89A /* PBXTargetDependency */,
			);
			name = AcessibilidadeAppTests;
			productName = AcessibilidadeAppTests;
			productReference = E00D96BC2B0917680013C89A /* AcessibilidadeAppTests.xctest */;
			productType = "com.apple.product-type.bundle.unit-test";
		};
		E00D96C52B0917680013C89A /* AcessibilidadeAppUITests */ = {
			isa = PBXNativeTarget;
			buildConfigurationList = E00D96D62B0917680013C89A /* Build configuration list for PBXNativeTarget "AcessibilidadeAppUITests" */;
			buildPhases = (
				E00D96C22B0917680013C89A /* Sources */,
				E00D96C32B0917680013C89A /* Frameworks */,
				E00D96C42B0917680013C89A /* Resources */,
			);
			buildRules = (
			);
			dependencies = (
				E00D96C82B0917680013C89A /* PBXTargetDependency */,
			);
			name = AcessibilidadeAppUITests;
			productName = AcessibilidadeAppUITests;
			productReference = E00D96C62B0917680013C89A /* AcessibilidadeAppUITests.xctest */;
			productType = "com.apple.product-type.bundle.ui-testing";
		};
/* End PBXNativeTarget section */

/* Begin PBXProject section */
		E00D969E2B0917650013C89A /* Project object */ = {
			isa = PBXProject;
			attributes = {
				BuildIndependentTargetsInParallel = 1;
				LastSwiftUpdateCheck = 1500;
				LastUpgradeCheck = 1500;
				TargetAttributes = {
					E00D96A52B0917650013C89A = {
						CreatedOnToolsVersion = 15.0.1;
					};
					E00D96BB2B0917680013C89A = {
						CreatedOnToolsVersion = 15.0.1;
						TestTargetID = E00D96A52B0917650013C89A;
					};
					E00D96C52B0917680013C89A = {
						CreatedOnToolsVersion = 15.0.1;
						TestTargetID = E00D96A52B0917650013C89A;
					};
				};
			};
			buildConfigurationList = E00D96A12B0917650013C89A /* Build configuration list for PBXProject "AcessibilidadeApp" */;
			compatibilityVersion = "Xcode 14.0";
			developmentRegion = en;
			hasScannedForEncodings = 0;
			knownRegions = (
				en,
				Base,
			);
			mainGroup = E00D969D2B0917650013C89A;
			productRefGroup = E00D96A72B0917650013C89A /* Products */;
			projectDirPath = "";
			projectRoot = "";
			targets = (
				E00D96A52B0917650013C89A /* AcessibilidadeApp */,
				E00D96BB2B0917680013C89A /* AcessibilidadeAppTests */,
				E00D96C52B0917680013C89A /* AcessibilidadeAppUITests */,
			);
		};
/* End PBXProject section */

/* Begin PBXResourcesBuildPhase section */
		E00D96A42B0917650013C89A /* Resources */ = {
			isa = PBXResourcesBuildPhase;
			buildActionMask = 2147483647;
			files = (
				E00D96B62B0917670013C89A /* LaunchScreen.storyboard in Resources */,
				E00D96B32B0917670013C89A /* Assets.xcassets in Resources */,
			);
			runOnlyForDeploymentPostprocessing = 0;
		};
		E00D96BA2B0917680013C89A /* Resources */ = {
			isa = PBXResourcesBuildPhase;
			buildActionMask = 2147483647;
			files = (
			);
			runOnlyForDeploymentPostprocessing = 0;
		};
		E00D96C42B0917680013C89A /* Resources */ = {
			isa = PBXResourcesBuildPhase;
			buildActionMask = 2147483647;
			files = (
			);
			runOnlyForDeploymentPostprocessing = 0;
		};
/* End PBXResourcesBuildPhase section */

/* Begin PBXSourcesBuildPhase section */
		E00D96A22B0917650013C89A /* Sources */ = {
			isa = PBXSourcesBuildPhase;
			buildActionMask = 2147483647;
			files = (
				E00D96E12B091E4B0013C89A /* UIView+Extensions.swift in Sources */,
				E00D96AE2B0917650013C89A /* ViewController.swift in Sources */,
				E00D96AA2B0917650013C89A /* AppDelegate.swift in Sources */,
				E00D96DF2B091D330013C89A /* ViewCode+Extensions.swift in Sources */,
				E00D96E32B0929AB0013C89A /* ViewScreen.swift in Sources */,
				E00D96AC2B0917650013C89A /* SceneDelegate.swift in Sources */,
			);
			runOnlyForDeploymentPostprocessing = 0;
		};
		E00D96B82B0917680013C89A /* Sources */ = {
			isa = PBXSourcesBuildPhase;
			buildActionMask = 2147483647;
			files = (
				E00D96C12B0917680013C89A /* AcessibilidadeAppTests.swift in Sources */,
			);
			runOnlyForDeploymentPostprocessing = 0;
		};
		E00D96C22B0917680013C89A /* Sources */ = {
			isa = PBXSourcesBuildPhase;
			buildActionMask = 2147483647;
			files = (
			);
			runOnlyForDeploymentPostprocessing = 0;
		};
/* End PBXSourcesBuildPhase section */

/* Begin PBXTargetDependency section */
		E00D96BE2B0917680013C89A /* PBXTargetDependency */ = {
			isa = PBXTargetDependency;
			target = E00D96A52B0917650013C89A /* AcessibilidadeApp */;
			targetProxy = E00D96BD2B0917680013C89A /* PBXContainerItemProxy */;
		};
		E00D96C82B0917680013C89A /* PBXTargetDependency */ = {
			isa = PBXTargetDependency;
			target = E00D96A52B0917650013C89A /* AcessibilidadeApp */;
			targetProxy = E00D96C72B0917680013C89A /* PBXContainerItemProxy */;
		};
/* End PBXTargetDependency section */

/* Begin PBXVariantGroup section */
		E00D96B42B0917670013C89A /* LaunchScreen.storyboard */ = {
			isa = PBXVariantGroup;
			children = (
				E00D96B52B0917670013C89A /* Base */,
			);
			name = LaunchScreen.storyboard;
			sourceTree = "<group>";
		};
/* End PBXVariantGroup section */

/* Begin XCBuildConfiguration section */
		E00D96CE2B0917680013C89A /* Debug */ = {
			isa = XCBuildConfiguration;
			buildSettings = {
				ALWAYS_SEARCH_USER_PATHS = NO;
				ASSETCATALOG_COMPILER_GENERATE_SWIFT_ASSET_SYMBOL_EXTENSIONS = YES;
				CLANG_ANALYZER_NONNULL = YES;
				CLANG_ANALYZER_NUMBER_OBJECT_CONVERSION = YES_AGGRESSIVE;
				CLANG_CXX_LANGUAGE_STANDARD = "gnu++20";
				CLANG_ENABLE_MODULES = YES;
				CLANG_ENABLE_OBJC_ARC = YES;
				CLANG_ENABLE_OBJC_WEAK = YES;
				CLANG_WARN_BLOCK_CAPTURE_AUTORELEASING = YES;
				CLANG_WARN_BOOL_CONVERSION = YES;
				CLANG_WARN_COMMA = YES;
				CLANG_WARN_CONSTANT_CONVERSION = YES;
				CLANG_WARN_DEPRECATED_OBJC_IMPLEMENTATIONS = YES;
				CLANG_WARN_DIRECT_OBJC_ISA_USAGE = YES_ERROR;
				CLANG_WARN_DOCUMENTATION_COMMENTS = YES;
				CLANG_WARN_EMPTY_BODY = YES;
				CLANG_WARN_ENUM_CONVERSION = YES;
				CLANG_WARN_INFINITE_RECURSION = YES;
				CLANG_WARN_INT_CONVERSION = YES;
				CLANG_WARN_NON_LITERAL_NULL_CONVERSION = YES;
				CLANG_WARN_OBJC_IMPLICIT_RETAIN_SELF = YES;
				CLANG_WARN_OBJC_LITERAL_CONVERSION = YES;
				CLANG_WARN_OBJC_ROOT_CLASS = YES_ERROR;
				CLANG_WARN_QUOTED_INCLUDE_IN_FRAMEWORK_HEADER = YES;
				CLANG_WARN_RANGE_LOOP_ANALYSIS = YES;
				CLANG_WARN_STRICT_PROTOTYPES = YES;
				CLANG_WARN_SUSPICIOUS_MOVE = YES;
				CLANG_WARN_UNGUARDED_AVAILABILITY = YES_AGGRESSIVE;
				CLANG_WARN_UNREACHABLE_CODE = YES;
				CLANG_WARN__DUPLICATE_METHOD_MATCH = YES;
				COPY_PHASE_STRIP = NO;
				DEBUG_INFORMATION_FORMAT = dwarf;
				ENABLE_STRICT_OBJC_MSGSEND = YES;
				ENABLE_TESTABILITY = YES;
				ENABLE_USER_SCRIPT_SANDBOXING = YES;
				GCC_C_LANGUAGE_STANDARD = gnu17;
				GCC_DYNAMIC_NO_PIC = NO;
				GCC_NO_COMMON_BLOCKS = YES;
				GCC_OPTIMIZATION_LEVEL = 0;
				GCC_PREPROCESSOR_DEFINITIONS = (
					"DEBUG=1",
					"$(inherited)",
				);
				GCC_WARN_64_TO_32_BIT_CONVERSION = YES;
				GCC_WARN_ABOUT_RETURN_TYPE = YES_ERROR;
				GCC_WARN_UNDECLARED_SELECTOR = YES;
				GCC_WARN_UNINITIALIZED_AUTOS = YES_AGGRESSIVE;
				GCC_WARN_UNUSED_FUNCTION = YES;
				GCC_WARN_UNUSED_VARIABLE = YES;
				IPHONEOS_DEPLOYMENT_TARGET = 17.0;
				LOCALIZATION_PREFERS_STRING_CATALOGS = YES;
				MTL_ENABLE_DEBUG_INFO = INCLUDE_SOURCE;
				MTL_FAST_MATH = YES;
				ONLY_ACTIVE_ARCH = YES;
				SDKROOT = iphoneos;
				SWIFT_ACTIVE_COMPILATION_CONDITIONS = "DEBUG $(inherited)";
				SWIFT_OPTIMIZATION_LEVEL = "-Onone";
			};
			name = Debug;
		};
		E00D96CF2B0917680013C89A /* Release */ = {
			isa = XCBuildConfiguration;
			buildSettings = {
				ALWAYS_SEARCH_USER_PATHS = NO;
				ASSETCATALOG_COMPILER_GENERATE_SWIFT_ASSET_SYMBOL_EXTENSIONS = YES;
				CLANG_ANALYZER_NONNULL = YES;
				CLANG_ANALYZER_NUMBER_OBJECT_CONVERSION = YES_AGGRESSIVE;
				CLANG_CXX_LANGUAGE_STANDARD = "gnu++20";
				CLANG_ENABLE_MODULES = YES;
				CLANG_ENABLE_OBJC_ARC = YES;
				CLANG_ENABLE_OBJC_WEAK = YES;
				CLANG_WARN_BLOCK_CAPTURE_AUTORELEASING = YES;
				CLANG_WARN_BOOL_CONVERSION = YES;
				CLANG_WARN_COMMA = YES;
				CLANG_WARN_CONSTANT_CONVERSION = YES;
				CLANG_WARN_DEPRECATED_OBJC_IMPLEMENTATIONS = YES;
				CLANG_WARN_DIRECT_OBJC_ISA_USAGE = YES_ERROR;
				CLANG_WARN_DOCUMENTATION_COMMENTS = YES;
				CLANG_WARN_EMPTY_BODY = YES;
				CLANG_WARN_ENUM_CONVERSION = YES;
				CLANG_WARN_INFINITE_RECURSION = YES;
				CLANG_WARN_INT_CONVERSION = YES;
				CLANG_WARN_NON_LITERAL_NULL_CONVERSION = YES;
				CLANG_WARN_OBJC_IMPLICIT_RETAIN_SELF = YES;
				CLANG_WARN_OBJC_LITERAL_CONVERSION = YES;
				CLANG_WARN_OBJC_ROOT_CLASS = YES_ERROR;
				CLANG_WARN_QUOTED_INCLUDE_IN_FRAMEWORK_HEADER = YES;
				CLANG_WARN_RANGE_LOOP_ANALYSIS = YES;
				CLANG_WARN_STRICT_PROTOTYPES = YES;
				CLANG_WARN_SUSPICIOUS_MOVE = YES;
				CLANG_WARN_UNGUARDED_AVAILABILITY = YES_AGGRESSIVE;
				CLANG_WARN_UNREACHABLE_CODE = YES;
				CLANG_WARN__DUPLICATE_METHOD_MATCH = YES;
				COPY_PHASE_STRIP = NO;
				DEBUG_INFORMATION_FORMAT = "dwarf-with-dsym";
				ENABLE_NS_ASSERTIONS = NO;
				ENABLE_STRICT_OBJC_MSGSEND = YES;
				ENABLE_USER_SCRIPT_SANDBOXING = YES;
				GCC_C_LANGUAGE_STANDARD = gnu17;
				GCC_NO_COMMON_BLOCKS = YES;
				GCC_WARN_64_TO_32_BIT_CONVERSION = YES;
				GCC_WARN_ABOUT_RETURN_TYPE = YES_ERROR;
				GCC_WARN_UNDECLARED_SELECTOR = YES;
				GCC_WARN_UNINITIALIZED_AUTOS = YES_AGGRESSIVE;
				GCC_WARN_UNUSED_FUNCTION = YES;
				GCC_WARN_UNUSED_VARIABLE = YES;
				IPHONEOS_DEPLOYMENT_TARGET = 17.0;
				LOCALIZATION_PREFERS_STRING_CATALOGS = YES;
				MTL_ENABLE_DEBUG_INFO = NO;
				MTL_FAST_MATH = YES;
				SDKROOT = iphoneos;
				SWIFT_COMPILATION_MODE = wholemodule;
				VALIDATE_PRODUCT = YES;
			};
			name = Release;
		};
		E00D96D12B0917680013C89A /* Debug */ = {
			isa = XCBuildConfiguration;
			buildSettings = {
				ASSETCATALOG_COMPILER_APPICON_NAME = AppIcon;
				ASSETCATALOG_COMPILER_GLOBAL_ACCENT_COLOR_NAME = AccentColor;
				CODE_SIGN_STYLE = Automatic;
				CURRENT_PROJECT_VERSION = 1;
				DEVELOPMENT_TEAM = WXQ8GLHA2M;
				GENERATE_INFOPLIST_FILE = YES;
				INFOPLIST_FILE = AcessibilidadeApp/Info.plist;
				INFOPLIST_KEY_UIApplicationSupportsIndirectInputEvents = YES;
				INFOPLIST_KEY_UILaunchStoryboardName = LaunchScreen;
				INFOPLIST_KEY_UISupportedInterfaceOrientations_iPad = "UIInterfaceOrientationPortrait UIInterfaceOrientationPortraitUpsideDown UIInterfaceOrientationLandscapeLeft UIInterfaceOrientationLandscapeRight";
				INFOPLIST_KEY_UISupportedInterfaceOrientations_iPhone = "UIInterfaceOrientationPortrait UIInterfaceOrientationLandscapeLeft UIInterfaceOrientationLandscapeRight";
				LD_RUNPATH_SEARCH_PATHS = (
					"$(inherited)",
					"@executable_path/Frameworks",
				);
				MARKETING_VERSION = 1.0;
				PRODUCT_BUNDLE_IDENTIFIER = br.com.spedaLeticia.AcessibilidadeApp;
				PRODUCT_NAME = "$(TARGET_NAME)";
				SWIFT_EMIT_LOC_STRINGS = YES;
				SWIFT_VERSION = 5.0;
				TARGETED_DEVICE_FAMILY = "1,2";
			};
			name = Debug;
		};
		E00D96D22B0917680013C89A /* Release */ = {
			isa = XCBuildConfiguration;
			buildSettings = {
				ASSETCATALOG_COMPILER_APPICON_NAME = AppIcon;
				ASSETCATALOG_COMPILER_GLOBAL_ACCENT_COLOR_NAME = AccentColor;
				CODE_SIGN_STYLE = Automatic;
				CURRENT_PROJECT_VERSION = 1;
				DEVELOPMENT_TEAM = WXQ8GLHA2M;
				GENERATE_INFOPLIST_FILE = YES;
				INFOPLIST_FILE = AcessibilidadeApp/Info.plist;
				INFOPLIST_KEY_UIApplicationSupportsIndirectInputEvents = YES;
				INFOPLIST_KEY_UILaunchStoryboardName = LaunchScreen;
				INFOPLIST_KEY_UISupportedInterfaceOrientations_iPad = "UIInterfaceOrientationPortrait UIInterfaceOrientationPortraitUpsideDown UIInterfaceOrientationLandscapeLeft UIInterfaceOrientationLandscapeRight";
				INFOPLIST_KEY_UISupportedInterfaceOrientations_iPhone = "UIInterfaceOrientationPortrait UIInterfaceOrientationLandscapeLeft UIInterfaceOrientationLandscapeRight";
				LD_RUNPATH_SEARCH_PATHS = (
					"$(inherited)",
					"@executable_path/Frameworks",
				);
				MARKETING_VERSION = 1.0;
				PRODUCT_BUNDLE_IDENTIFIER = br.com.spedaLeticia.AcessibilidadeApp;
				PRODUCT_NAME = "$(TARGET_NAME)";
				SWIFT_EMIT_LOC_STRINGS = YES;
				SWIFT_VERSION = 5.0;
				TARGETED_DEVICE_FAMILY = "1,2";
			};
			name = Release;
		};
		E00D96D42B0917680013C89A /* Debug */ = {
			isa = XCBuildConfiguration;
			buildSettings = {
				ALWAYS_EMBED_SWIFT_STANDARD_LIBRARIES = YES;
				BUNDLE_LOADER = "$(TEST_HOST)";
				CODE_SIGN_STYLE = Automatic;
				CURRENT_PROJECT_VERSION = 1;
				DEVELOPMENT_TEAM = WXQ8GLHA2M;
				GENERATE_INFOPLIST_FILE = YES;
				IPHONEOS_DEPLOYMENT_TARGET = 17.0;
				MARKETING_VERSION = 1.0;
				PRODUCT_BUNDLE_IDENTIFIER = br.com.spedaLeticia.AcessibilidadeAppTests;
				PRODUCT_NAME = "$(TARGET_NAME)";
				SWIFT_EMIT_LOC_STRINGS = NO;
				SWIFT_VERSION = 5.0;
				TARGETED_DEVICE_FAMILY = "1,2";
				TEST_HOST = "$(BUILT_PRODUCTS_DIR)/AcessibilidadeApp.app/$(BUNDLE_EXECUTABLE_FOLDER_PATH)/AcessibilidadeApp";
			};
			name = Debug;
		};
		E00D96D52B0917680013C89A /* Release */ = {
			isa = XCBuildConfiguration;
			buildSettings = {
				ALWAYS_EMBED_SWIFT_STANDARD_LIBRARIES = YES;
				BUNDLE_LOADER = "$(TEST_HOST)";
				CODE_SIGN_STYLE = Automatic;
				CURRENT_PROJECT_VERSION = 1;
				DEVELOPMENT_TEAM = WXQ8GLHA2M;
				GENERATE_INFOPLIST_FILE = YES;
				IPHONEOS_DEPLOYMENT_TARGET = 17.0;
				MARKETING_VERSION = 1.0;
				PRODUCT_BUNDLE_IDENTIFIER = br.com.spedaLeticia.AcessibilidadeAppTests;
				PRODUCT_NAME = "$(TARGET_NAME)";
				SWIFT_EMIT_LOC_STRINGS = NO;
				SWIFT_VERSION = 5.0;
				TARGETED_DEVICE_FAMILY = "1,2";
				TEST_HOST = "$(BUILT_PRODUCTS_DIR)/AcessibilidadeApp.app/$(BUNDLE_EXECUTABLE_FOLDER_PATH)/AcessibilidadeApp";
			};
			name = Release;
		};
		E00D96D72B0917680013C89A /* Debug */ = {
			isa = XCBuildConfiguration;
			buildSettings = {
				ALWAYS_EMBED_SWIFT_STANDARD_LIBRARIES = YES;
				CODE_SIGN_STYLE = Automatic;
				CURRENT_PROJECT_VERSION = 1;
				DEVELOPMENT_TEAM = WXQ8GLHA2M;
				GENERATE_INFOPLIST_FILE = YES;
				MARKETING_VERSION = 1.0;
				PRODUCT_BUNDLE_IDENTIFIER = br.com.spedaLeticia.AcessibilidadeAppUITests;
				PRODUCT_NAME = "$(TARGET_NAME)";
				SWIFT_EMIT_LOC_STRINGS = NO;
				SWIFT_VERSION = 5.0;
				TARGETED_DEVICE_FAMILY = "1,2";
				TEST_TARGET_NAME = AcessibilidadeApp;
			};
			name = Debug;
		};
		E00D96D82B0917680013C89A /* Release */ = {
			isa = XCBuildConfiguration;
			buildSettings = {
				ALWAYS_EMBED_SWIFT_STANDARD_LIBRARIES = YES;
				CODE_SIGN_STYLE = Automatic;
				CURRENT_PROJECT_VERSION = 1;
				DEVELOPMENT_TEAM = WXQ8GLHA2M;
				GENERATE_INFOPLIST_FILE = YES;
				MARKETING_VERSION = 1.0;
				PRODUCT_BUNDLE_IDENTIFIER = br.com.spedaLeticia.AcessibilidadeAppUITests;
				PRODUCT_NAME = "$(TARGET_NAME)";
				SWIFT_EMIT_LOC_STRINGS = NO;
				SWIFT_VERSION = 5.0;
				TARGETED_DEVICE_FAMILY = "1,2";
				TEST_TARGET_NAME = AcessibilidadeApp;
			};
			name = Release;
		};
/* End XCBuildConfiguration section */

/* Begin XCConfigurationList section */
		E00D96A12B0917650013C89A /* Build configuration list for PBXProject "AcessibilidadeApp" */ = {
			isa = XCConfigurationList;
			buildConfigurations = (
				E00D96CE2B0917680013C89A /* Debug */,
				E00D96CF2B0917680013C89A /* Release */,
			);
			defaultConfigurationIsVisible = 0;
			defaultConfigurationName = Release;
		};
		E00D96D02B0917680013C89A /* Build configuration list for PBXNativeTarget "AcessibilidadeApp" */ = {
			isa = XCConfigurationList;
			buildConfigurations = (
				E00D96D12B0917680013C89A /* Debug */,
				E00D96D22B0917680013C89A /* Release */,
			);
			defaultConfigurationIsVisible = 0;
			defaultConfigurationName = Release;
		};
		E00D96D32B0917680013C89A /* Build configuration list for PBXNativeTarget "AcessibilidadeAppTests" */ = {
			isa = XCConfigurationList;
			buildConfigurations = (
				E00D96D42B0917680013C89A /* Debug */,
				E00D96D52B0917680013C89A /* Release */,
			);
			defaultConfigurationIsVisible = 0;
			defaultConfigurationName = Release;
		};
		E00D96D62B0917680013C89A /* Build configuration list for PBXNativeTarget "AcessibilidadeAppUITests" */ = {
			isa = XCConfigurationList;
			buildConfigurations = (
				E00D96D72B0917680013C89A /* Debug */,
				E00D96D82B0917680013C89A /* Release */,
			);
			defaultConfigurationIsVisible = 0;
			defaultConfigurationName = Release;
		};
/* End XCConfigurationList section */
	};
	rootObject = E00D969E2B0917650013C89A /* Project object */;
}
